
Microsoft Visual Studio Solution File, Format Version 12.00
# Visual Studio Version 16
VisualStudioVersion = 16.0.33423.256
MinimumVisualStudioVersion = 10.0.40219.1
Project("{FAE04EC0-301F-11D3-BF4B-00C04F79EFBC}") = "JsonTools", "JsonTools.csproj", "{A40AC689-5808-4E30-9EB4-C1B3D51F3330}"
EndProject
Project("{FAE04EC0-301F-11D3-BF4B-00C04F79EFBC}") = "JsonToolsTests", "..\JsonToolsTests\JsonToolsTests.csproj", "{DE3A2809-1118-41B8-8F2F-F0D4F83E5C57}"
EndProject
Global
	GlobalSection(SolutionConfigurationPlatforms) = preSolution
		Debug|Any CPU = Debug|Any CPU
		Release|Any CPU = Release|Any CPU
	EndGlobalSection
	GlobalSection(ProjectConfigurationPlatforms) = postSolution
		{A40AC689-5808-4E30-9EB4-C1B3D51F3330}.Debug|Any CPU.ActiveCfg = Debug|Any CPU
		{A40AC689-5808-4E30-9EB4-C1B3D51F3330}.Debug|Any CPU.Build.0 = Debug|Any CPU
		{A40AC689-5808-4E30-9EB4-C1B3D51F3330}.Release|Any CPU.ActiveCfg = Release|Any CPU
		{A40AC689-5808-4E30-9EB4-C1B3D51F3330}.Release|Any CPU.Build.0 = Release|Any CPU
		{DE3A2809-1118-41B8-8F2F-F0D4F83E5C57}.Debug|Any CPU.ActiveCfg = Debug|Any CPU
		{DE3A2809-1118-41B8-8F2F-F0D4F83E5C57}.Debug|Any CPU.Build.0 = Debug|Any CPU
		{DE3A2809-1118-41B8-8F2F-F0D4F83E5C57}.Release|Any CPU.ActiveCfg = Release|Any CPU
		{DE3A2809-1118-41B8-8F2F-F0D4F83E5C57}.Release|Any CPU.Build.0 = Release|Any CPU
	EndGlobalSection
	GlobalSection(SolutionProperties) = preSolution
		HideSolutionNode = FALSE
	EndGlobalSection
	GlobalSection(ExtensibilityGlobals) = postSolution
		SolutionGuid = {542D60D2-468D-4136-B332-514299AB618B}
	EndGlobalSection
EndGlobal
